
Microsoft Visual Studio Solution File, Format Version 12.00
# Visual Studio 15
VisualStudioVersion = 15.0.28010.2046
MinimumVisualStudioVersion = 10.0.40219.1
Project("{FAE04EC0-301F-11D3-BF4B-00C04F79EFBC}") = "محاضرة علاء عملي رابعة", "محاضرة علاء عملي رابعة\محاضرة علاء عملي رابعة.csproj", "{D084A987-9C3F-41CE-8535-A217D7647630}"
EndProject
Global
	GlobalSection(SolutionConfigurationPlatforms) = preSolution
		Debug|Any CPU = Debug|Any CPU
		Release|Any CPU = Release|Any CPU
	EndGlobalSection
	GlobalSection(ProjectConfigurationPlatforms) = postSolution
		{D084A987-9C3F-41CE-8535-A217D7647630}.Debug|Any CPU.ActiveCfg = Debug|Any CPU
		{D084A987-9C3F-41CE-8535-A217D7647630}.Debug|Any CPU.Build.0 = Debug|Any CPU
		{D084A987-9C3F-41CE-8535-A217D7647630}.Release|Any CPU.ActiveCfg = Release|Any CPU
		{D084A987-9C3F-41CE-8535-A217D7647630}.Release|Any CPU.Build.0 = Release|Any CPU
	EndGlobalSection
	GlobalSection(SolutionProperties) = preSolution
		HideSolutionNode = FALSE
	EndGlobalSection
	GlobalSection(ExtensibilityGlobals) = postSolution
		SolutionGuid = {28A65850-64BE-40F0-BD43-F34A4A4D7D22}
	EndGlobalSection
EndGlobal
